{
  "originHash" : "ea4a32c3d850bc90ad76231599a056e611dad9492a5982132d582c2dee5afefd",
  "pins" : [
    {
      "identity" : "atomicds",
      "kind" : "remoteSourceControl",
      "location" : "https://github.com/allancanare/AtomicDS.git",
      "state" : {
        "branch" : "main",
        "revision" : "f467487a8c42c7f9efaa160e89c5922d324c659f"
      }
    }
  ],
  "version" : 3
}
