{
  "originHash" : "ea4a32c3d850bc90ad76231599a056e611dad9492a5982132d582c2dee5afefd",
  "pins" : [
    {
      "identity" : "atomicds",
      "kind" : "remoteSourceControl",
      "location" : "https://github.com/allancanare/AtomicDS.git",
      "state" : {
        "branch" : "main",
        "revision" : "470ba2d0fbccf6d12848e70ee6549c36b1e6ea0e"
      }
    }
  ],
  "version" : 3
}
